
Microsoft Visual Studio Solution File, Format Version 12.00
Project("{FAE04EC0-301F-11D3-BF4B-00C04F79EFBC}") = "AvaloniaApplication1", "AvaloniaApplication1\AvaloniaApplication1.csproj", "{7AC98E82-C670-4820-810B-3F280405448C}"
EndProject
Global
	GlobalSection(SolutionConfigurationPlatforms) = preSolution
		Debug|Any CPU = Debug|Any CPU
		Release|Any CPU = Release|Any CPU
	EndGlobalSection
	GlobalSection(ProjectConfigurationPlatforms) = postSolution
		{7AC98E82-C670-4820-810B-3F280405448C}.Debug|Any CPU.ActiveCfg = Debug|Any CPU
		{7AC98E82-C670-4820-810B-3F280405448C}.Debug|Any CPU.Build.0 = Debug|Any CPU
		{7AC98E82-C670-4820-810B-3F280405448C}.Release|Any CPU.ActiveCfg = Release|Any CPU
		{7AC98E82-C670-4820-810B-3F280405448C}.Release|Any CPU.Build.0 = Release|Any CPU
	EndGlobalSection
EndGlobal
